
Microsoft Visual Studio Solution File, Format Version 12.00
# Visual Studio Version 18
VisualStudioVersion = 18.3.11312.210 d18.3
MinimumVisualStudioVersion = 10.0.40219.1
Project("{F184B08F-C81C-45F6-A57F-5ABD9991F28F}") = "Proyecto1", "Proyecto1\Proyecto1.vbproj", "{163E4FAA-B07E-4166-A3D3-C6C09CA130EB}"
EndProject
Global
	GlobalSection(SolutionConfigurationPlatforms) = preSolution
		Debug|Any CPU = Debug|Any CPU
		Release|Any CPU = Release|Any CPU
	EndGlobalSection
	GlobalSection(ProjectConfigurationPlatforms) = postSolution
		{163E4FAA-B07E-4166-A3D3-C6C09CA130EB}.Debug|Any CPU.ActiveCfg = Debug|Any CPU
		{163E4FAA-B07E-4166-A3D3-C6C09CA130EB}.Debug|Any CPU.Build.0 = Debug|Any CPU
		{163E4FAA-B07E-4166-A3D3-C6C09CA130EB}.Release|Any CPU.ActiveCfg = Release|Any CPU
		{163E4FAA-B07E-4166-A3D3-C6C09CA130EB}.Release|Any CPU.Build.0 = Release|Any CPU
	EndGlobalSection
	GlobalSection(SolutionProperties) = preSolution
		HideSolutionNode = FALSE
	EndGlobalSection
	GlobalSection(ExtensibilityGlobals) = postSolution
		SolutionGuid = {481A2796-5C6C-4A3E-801E-CAE374AFDBAA}
	EndGlobalSection
EndGlobal
